{
  "name": "hexanode-webfrontend",
  "version": "0.0.1",
  "dependencies": {
    "CBuffer": {
      "version": "0.1.4",
      "from": "CBuffer@0.1.4",
      "resolved": "https://registry.npmjs.org/CBuffer/-/CBuffer-0.1.4.tgz"
    },
    "async": {
      "version": "0.9.0",
      "from": "async@*",
      "resolved": "https://registry.npmjs.org/async/-/async-0.9.0.tgz"
    },
    "buffer-crc32": {
      "version": "0.2.1",
      "from": "buffer-crc32@0.2.1",
      "resolved": "https://registry.npmjs.org/buffer-crc32/-/buffer-crc32-0.2.1.tgz"
    },
    "connect": {
      "version": "2.7.9",
      "from": "connect@2.7.9",
      "resolved": "https://registry.npmjs.org/connect/-/connect-2.7.9.tgz",
      "dependencies": {
        "qs": {
          "version": "0.6.4",
          "from": "qs@0.6.4",
          "resolved": "https://registry.npmjs.org/qs/-/qs-0.6.4.tgz"
        },
        "formidable": {
          "version": "1.0.13",
          "from": "formidable@1.0.13",
          "resolved": "https://registry.npmjs.org/formidable/-/formidable-1.0.13.tgz"
        },
        "cookie": {
          "version": "0.0.5",
          "from": "cookie@0.0.5",
          "resolved": "https://registry.npmjs.org/cookie/-/cookie-0.0.5.tgz"
        },
        "send": {
          "version": "0.1.0",
          "from": "send@0.1.0",
          "resolved": "https://registry.npmjs.org/send/-/send-0.1.0.tgz",
          "dependencies": {
            "mime": {
              "version": "1.2.6",
              "from": "mime@1.2.6",
              "resolved": "https://registry.npmjs.org/mime/-/mime-1.2.6.tgz"
            }
          }
        },
        "bytes": {
          "version": "0.2.0",
          "from": "bytes@0.2.0",
          "resolved": "https://registry.npmjs.org/bytes/-/bytes-0.2.0.tgz"
        },
        "fresh": {
          "version": "0.1.0",
          "from": "fresh@0.1.0"
        },
        "debug": {
          "version": "2.0.0",
          "from": "debug@*",
          "resolved": "https://registry.npmjs.org/debug/-/debug-2.0.0.tgz"
        }
      }
    },
    "cookie-signature": {
      "version": "1.0.1",
      "from": "cookie-signature@1.0.1",
      "resolved": "https://registry.npmjs.org/cookie-signature/-/cookie-signature-1.0.1.tgz"
    },
    "ejs": {
      "version": "0.8.5",
      "from": "ejs@0.8.5",
      "resolved": "https://registry.npmjs.org/ejs/-/ejs-0.8.5.tgz"
    },
    "event-stream": {
      "version": "3.1.7",
      "from": "event-stream@",
      "resolved": "https://registry.npmjs.org/event-stream/-/event-stream-3.1.7.tgz",
      "dependencies": {
        "through": {
          "version": "2.3.6",
          "from": "through@~2.3.1",
          "resolved": "https://registry.npmjs.org/through/-/through-2.3.6.tgz"
        },
        "duplexer": {
          "version": "0.1.1",
          "from": "duplexer@~0.1.1",
          "resolved": "https://registry.npmjs.org/duplexer/-/duplexer-0.1.1.tgz"
        },
        "from": {
          "version": "0.1.3",
          "from": "from@~0",
          "resolved": "https://registry.npmjs.org/from/-/from-0.1.3.tgz"
        },
        "map-stream": {
          "version": "0.1.0",
          "from": "map-stream@~0.1.0",
          "resolved": "https://registry.npmjs.org/map-stream/-/map-stream-0.1.0.tgz"
        },
        "pause-stream": {
          "version": "0.0.11",
          "from": "pause-stream@0.0.11",
          "resolved": "https://registry.npmjs.org/pause-stream/-/pause-stream-0.0.11.tgz"
        },
        "split": {
          "version": "0.2.10",
          "from": "split@0.2",
          "resolved": "https://registry.npmjs.org/split/-/split-0.2.10.tgz"
        },
        "stream-combiner": {
          "version": "0.0.4",
          "from": "stream-combiner@~0.0.4",
          "resolved": "https://registry.npmjs.org/stream-combiner/-/stream-combiner-0.0.4.tgz"
        }
      }
    },
    "express": {
      "version": "3.4.8",
      "from": "express@3.4.8",
      "resolved": "https://registry.npmjs.org/express/-/express-3.4.8.tgz",
      "dependencies": {
        "connect": {
          "version": "2.12.0",
          "from": "connect@2.12.0",
          "resolved": "https://registry.npmjs.org/connect/-/connect-2.12.0.tgz",
          "dependencies": {
            "batch": {
              "version": "0.5.0",
              "from": "batch@0.5.0",
              "resolved": "https://registry.npmjs.org/batch/-/batch-0.5.0.tgz"
            },
            "qs": {
              "version": "0.6.6",
              "from": "qs@0.6.6",
              "resolved": "https://registry.npmjs.org/qs/-/qs-0.6.6.tgz"
            },
            "bytes": {
              "version": "0.2.1",
              "from": "bytes@0.2.1"
            },
            "uid2": {
              "version": "0.0.3",
              "from": "uid2@0.0.3",
              "resolved": "https://registry.npmjs.org/uid2/-/uid2-0.0.3.tgz"
            },
            "raw-body": {
              "version": "1.1.2",
              "from": "raw-body@1.1.2",
              "resolved": "https://registry.npmjs.org/raw-body/-/raw-body-1.1.2.tgz"
            },
            "negotiator": {
              "version": "0.3.0",
              "from": "negotiator@0.3.0",
              "resolved": "https://registry.npmjs.org/negotiator/-/negotiator-0.3.0.tgz"
            },
            "multiparty": {
              "version": "2.2.0",
              "from": "multiparty@2.2.0",
              "resolved": "https://registry.npmjs.org/multiparty/-/multiparty-2.2.0.tgz",
              "dependencies": {
                "readable-stream": {
                  "version": "1.1.13",
                  "from": "readable-stream@~1.1.9",
                  "resolved": "https://registry.npmjs.org/readable-stream/-/readable-stream-1.1.13.tgz",
                  "dependencies": {
                    "core-util-is": {
                      "version": "1.0.1",
                      "from": "core-util-is@~1.0.0",
                      "resolved": "https://registry.npmjs.org/core-util-is/-/core-util-is-1.0.1.tgz"
                    },
                    "string_decoder": {
                      "version": "0.10.31",
                      "from": "string_decoder@~0.10.x",
                      "resolved": "https://registry.npmjs.org/string_decoder/-/string_decoder-0.10.31.tgz"
                    },
                    "inherits": {
                      "version": "2.0.1",
                      "from": "inherits@~2.0.1"
                    }
                  }
                },
                "stream-counter": {
                  "version": "0.2.0",
                  "from": "stream-counter@~0.2.0",
                  "resolved": "https://registry.npmjs.org/stream-counter/-/stream-counter-0.2.0.tgz"
                }
              }
            }
          }
        },
        "commander": {
          "version": "1.3.2",
          "from": "commander@1.3.2",
          "resolved": "https://registry.npmjs.org/commander/-/commander-1.3.2.tgz",
          "dependencies": {
            "keypress": {
              "version": "0.1.0",
              "from": "keypress@0.1.x",
              "resolved": "https://registry.npmjs.org/keypress/-/keypress-0.1.0.tgz"
            }
          }
        },
        "mkdirp": {
          "version": "0.3.5",
          "from": "mkdirp@0.3.5",
          "resolved": "https://registry.npmjs.org/mkdirp/-/mkdirp-0.3.5.tgz"
        },
        "cookie": {
          "version": "0.1.0",
          "from": "cookie@0.1.0",
          "resolved": "https://registry.npmjs.org/cookie/-/cookie-0.1.0.tgz"
        },
        "fresh": {
          "version": "0.2.0",
          "from": "fresh@0.2.0",
          "resolved": "https://registry.npmjs.org/fresh/-/fresh-0.2.0.tgz"
        },
        "methods": {
          "version": "0.1.0",
          "from": "methods@0.1.0",
          "resolved": "https://registry.npmjs.org/methods/-/methods-0.1.0.tgz"
        },
        "send": {
          "version": "0.1.4",
          "from": "send@0.1.4",
          "resolved": "https://registry.npmjs.org/send/-/send-0.1.4.tgz",
          "dependencies": {
            "mime": {
              "version": "1.2.11",
              "from": "mime@~1.2.9",
              "resolved": "https://registry.npmjs.org/mime/-/mime-1.2.11.tgz"
            }
          }
        },
        "merge-descriptors": {
          "version": "0.0.1",
          "from": "merge-descriptors@0.0.1",
          "resolved": "https://registry.npmjs.org/merge-descriptors/-/merge-descriptors-0.0.1.tgz"
        },
        "debug": {
          "version": "0.8.1",
          "from": "debug@>= 0.7.3 < 1",
          "resolved": "https://registry.npmjs.org/debug/-/debug-0.8.1.tgz"
        }
      }
    },
    "fs-extra": {
      "version": "0.15.0",
      "from": "fs-extra@*",
      "resolved": "https://registry.npmjs.org/fs-extra/-/fs-extra-0.15.0.tgz",
      "dependencies": {
        "graceful-fs": {
          "version": "3.0.5",
          "from": "graceful-fs@^3.0.5",
          "resolved": "https://registry.npmjs.org/graceful-fs/-/graceful-fs-3.0.5.tgz"
        },
        "jsonfile": {
          "version": "2.0.0",
          "from": "jsonfile@^2.0.0",
          "resolved": "https://registry.npmjs.org/jsonfile/-/jsonfile-2.0.0.tgz"
        },
        "rimraf": {
          "version": "2.2.8",
          "from": "rimraf@^2.2.8",
          "resolved": "https://registry.npmjs.org/rimraf/-/rimraf-2.2.8.tgz"
        }
      }
    },
    "ipv6": {
      "version": "3.1.1",
      "from": "ipv6@3.1.1",
      "resolved": "https://registry.npmjs.org/ipv6/-/ipv6-3.1.1.tgz",
      "dependencies": {
        "sprintf": {
          "version": "0.1.4",
          "from": "sprintf@0.1.x",
          "resolved": "https://registry.npmjs.org/sprintf/-/sprintf-0.1.4.tgz"
        },
        "cli": {
          "version": "0.4.5",
          "from": "cli@0.4.x",
          "resolved": "http://packages.mysmartgrid.de/nodejs/cli-0.4.5.tgz",
          "dependencies": {
            "glob": {
              "version": "3.1.4",
              "from": "http://packages.mysmartgrid.de/nodejs/glob-3.1.4.tgz",
              "resolved": "http://packages.mysmartgrid.de/nodejs/glob-3.1.4.tgz",
              "dependencies": {
                "minimatch": {
                  "version": "0.2.14",
                  "from": "minimatch@0.2",
                  "resolved": "https://registry.npmjs.org/minimatch/-/minimatch-0.2.14.tgz",
                  "dependencies": {
                    "lru-cache": {
                      "version": "2.5.0",
                      "from": "lru-cache@2",
                      "resolved": "https://registry.npmjs.org/lru-cache/-/lru-cache-2.5.0.tgz"
                    },
                    "sigmund": {
                      "version": "1.0.0",
                      "from": "sigmund@~1.0.0",
                      "resolved": "https://registry.npmjs.org/sigmund/-/sigmund-1.0.0.tgz"
                    }
                  }
                },
                "graceful-fs": {
                  "version": "1.1.14",
                  "from": "graceful-fs@~1.1.2",
                  "resolved": "https://registry.npmjs.org/graceful-fs/-/graceful-fs-1.1.14.tgz"
                },
                "inherits": {
                  "version": "1.0.0",
                  "from": "inherits@1",
                  "resolved": "https://registry.npmjs.org/inherits/-/inherits-1.0.0.tgz"
                }
              }
            }
          }
        },
        "cliff": {
          "version": "0.1.9",
          "from": "cliff@0.1.x",
          "resolved": "https://registry.npmjs.org/cliff/-/cliff-0.1.9.tgz",
          "dependencies": {
            "colors": {
              "version": "0.6.2",
              "from": "colors@0.x.x",
              "resolved": "https://registry.npmjs.org/colors/-/colors-0.6.2.tgz"
            },
            "eyes": {
              "version": "0.1.8",
              "from": "eyes@0.1.x",
              "resolved": "https://registry.npmjs.org/eyes/-/eyes-0.1.8.tgz"
            },
            "winston": {
              "version": "0.8.0",
              "from": "winston@0.8.x",
              "resolved": "https://registry.npmjs.org/winston/-/winston-0.8.0.tgz",
              "dependencies": {
                "async": {
                  "version": "0.2.10",
                  "from": "async@0.2.x"
                },
                "cycle": {
                  "version": "1.0.3",
                  "from": "cycle@1.0.x",
                  "resolved": "https://registry.npmjs.org/cycle/-/cycle-1.0.3.tgz"
                },
                "pkginfo": {
                  "version": "0.3.0",
                  "from": "pkginfo@0.3.x"
                },
                "stack-trace": {
                  "version": "0.0.9",
                  "from": "stack-trace@0.0.x",
                  "resolved": "https://registry.npmjs.org/stack-trace/-/stack-trace-0.0.9.tgz"
                }
              }
            }
          }
        }
      }
    },
    "isarray": {
      "version": "0.0.1",
      "from": "isarray@0.0.1",
      "resolved": "https://registry.npmjs.org/isarray/-/isarray-0.0.1.tgz"
    },
    "mktemp": {
      "version": "0.3.5",
      "from": "mktemp@*",
      "resolved": "https://registry.npmjs.org/mktemp/-/mktemp-0.3.5.tgz"
    },
    "ms": {
      "version": "0.6.2",
      "from": "ms@0.6.2",
      "resolved": "https://registry.npmjs.org/ms/-/ms-0.6.2.tgz"
    },
    "nconf": {
      "version": "0.6.9",
      "from": "nconf@0.6.9",
      "resolved": "https://registry.npmjs.org/nconf/-/nconf-0.6.9.tgz",
      "dependencies": {
        "async": {
          "version": "0.2.9",
          "from": "async@0.2.9",
          "resolved": "https://registry.npmjs.org/async/-/async-0.2.9.tgz"
        },
        "ini": {
          "version": "1.3.0",
          "from": "ini@1.x.x",
          "resolved": "https://registry.npmjs.org/ini/-/ini-1.3.0.tgz"
        },
        "optimist": {
          "version": "0.6.0",
          "from": "optimist@0.6.0",
          "resolved": "https://registry.npmjs.org/optimist/-/optimist-0.6.0.tgz",
          "dependencies": {
            "wordwrap": {
              "version": "0.0.2",
              "from": "wordwrap@~0.0.2",
              "resolved": "https://registry.npmjs.org/wordwrap/-/wordwrap-0.0.2.tgz"
            },
            "minimist": {
              "version": "0.0.10",
              "from": "minimist@~0.0.1",
              "resolved": "https://registry.npmjs.org/minimist/-/minimist-0.0.10.tgz"
            }
          }
        }
      }
    },
    "node-uuid": {
      "version": "1.4.1",
      "from": "node-uuid@*",
      "resolved": "https://registry.npmjs.org/node-uuid/-/node-uuid-1.4.1.tgz"
    },
    "pause": {
      "version": "0.0.1",
      "from": "pause@0.0.1",
      "resolved": "https://registry.npmjs.org/pause/-/pause-0.0.1.tgz"
    },
    "range-parser": {
      "version": "0.0.4",
      "from": "range-parser@0.0.4",
      "resolved": "https://registry.npmjs.org/range-parser/-/range-parser-0.0.4.tgz"
    },
    "request": {
      "version": "2.33.0",
      "from": "request@2.33.0",
      "resolved": "https://registry.npmjs.org/request/-/request-2.33.0.tgz",
      "dependencies": {
        "qs": {
          "version": "0.6.6",
          "from": "qs@~0.6.0",
          "resolved": "https://registry.npmjs.org/qs/-/qs-0.6.6.tgz"
        },
        "json-stringify-safe": {
          "version": "5.0.0",
          "from": "json-stringify-safe@~5.0.0",
          "resolved": "https://registry.npmjs.org/json-stringify-safe/-/json-stringify-safe-5.0.0.tgz"
        },
        "forever-agent": {
          "version": "0.5.2",
          "from": "forever-agent@~0.5.0",
          "resolved": "https://registry.npmjs.org/forever-agent/-/forever-agent-0.5.2.tgz"
        },
        "mime": {
          "version": "1.2.11",
          "from": "mime@~1.2.9",
          "resolved": "https://registry.npmjs.org/mime/-/mime-1.2.11.tgz"
        },
        "tough-cookie": {
          "version": "0.12.1",
          "from": "tough-cookie@>=0.12.0",
          "resolved": "https://registry.npmjs.org/tough-cookie/-/tough-cookie-0.12.1.tgz",
          "dependencies": {
            "punycode": {
              "version": "1.3.1",
              "from": "punycode@>=0.2.0",
              "resolved": "https://registry.npmjs.org/punycode/-/punycode-1.3.1.tgz"
            }
          }
        },
        "form-data": {
          "version": "0.1.4",
          "from": "form-data@~0.1.0",
          "resolved": "https://registry.npmjs.org/form-data/-/form-data-0.1.4.tgz",
          "dependencies": {
            "combined-stream": {
              "version": "0.0.5",
              "from": "combined-stream@~0.0.4",
              "resolved": "https://registry.npmjs.org/combined-stream/-/combined-stream-0.0.5.tgz",
              "dependencies": {
                "delayed-stream": {
                  "version": "0.0.5",
                  "from": "delayed-stream@0.0.5",
                  "resolved": "https://registry.npmjs.org/delayed-stream/-/delayed-stream-0.0.5.tgz"
                }
              }
            }
          }
        },
        "tunnel-agent": {
          "version": "0.3.0",
          "from": "tunnel-agent@~0.3.0",
          "resolved": "https://registry.npmjs.org/tunnel-agent/-/tunnel-agent-0.3.0.tgz"
        },
        "http-signature": {
          "version": "0.10.0",
          "from": "http-signature@~0.10.0",
          "resolved": "https://registry.npmjs.org/http-signature/-/http-signature-0.10.0.tgz",
          "dependencies": {
            "assert-plus": {
              "version": "0.1.2",
              "from": "assert-plus@0.1.2",
              "resolved": "https://registry.npmjs.org/assert-plus/-/assert-plus-0.1.2.tgz"
            },
            "asn1": {
              "version": "0.1.11",
              "from": "asn1@0.1.11",
              "resolved": "https://registry.npmjs.org/asn1/-/asn1-0.1.11.tgz"
            },
            "ctype": {
              "version": "0.5.2",
              "from": "ctype@0.5.2",
              "resolved": "https://registry.npmjs.org/ctype/-/ctype-0.5.2.tgz"
            }
          }
        },
        "oauth-sign": {
          "version": "0.3.0",
          "from": "oauth-sign@~0.3.0",
          "resolved": "https://registry.npmjs.org/oauth-sign/-/oauth-sign-0.3.0.tgz"
        },
        "hawk": {
          "version": "1.0.0",
          "from": "hawk@~1.0.0",
          "resolved": "https://registry.npmjs.org/hawk/-/hawk-1.0.0.tgz",
          "dependencies": {
            "hoek": {
              "version": "0.9.1",
              "from": "hoek@0.9.x",
              "resolved": "https://registry.npmjs.org/hoek/-/hoek-0.9.1.tgz"
            },
            "boom": {
              "version": "0.4.2",
              "from": "boom@0.4.x",
              "resolved": "https://registry.npmjs.org/boom/-/boom-0.4.2.tgz"
            },
            "cryptiles": {
              "version": "0.2.2",
              "from": "cryptiles@0.2.x",
              "resolved": "https://registry.npmjs.org/cryptiles/-/cryptiles-0.2.2.tgz"
            },
            "sntp": {
              "version": "0.2.4",
              "from": "sntp@0.2.x",
              "resolved": "https://registry.npmjs.org/sntp/-/sntp-0.2.4.tgz"
            }
          }
        },
        "aws-sign2": {
          "version": "0.5.0",
          "from": "aws-sign2@~0.5.0",
          "resolved": "https://registry.npmjs.org/aws-sign2/-/aws-sign2-0.5.0.tgz"
        }
      }
    },
    "socket.io": {
      "version": "1.1.0",
      "from": "socket.io@1.1.0",
      "resolved": "https://registry.npmjs.org/socket.io/-/socket.io-1.1.0.tgz",
      "dependencies": {
        "engine.io": {
          "version": "1.4.0",
          "from": "engine.io@1.4.0",
          "resolved": "https://registry.npmjs.org/engine.io/-/engine.io-1.4.0.tgz",
          "dependencies": {
            "debug": {
              "version": "1.0.3",
              "from": "debug@1.0.3",
              "resolved": "https://registry.npmjs.org/debug/-/debug-1.0.3.tgz"
            },
            "base64id": {
              "version": "0.1.0",
              "from": "base64id@0.1.0",
              "resolved": "https://registry.npmjs.org/base64id/-/base64id-0.1.0.tgz"
            }
          }
        },
        "socket.io-parser": {
          "version": "2.2.1",
          "from": "socket.io-parser@2.2.1",
          "resolved": "https://registry.npmjs.org/socket.io-parser/-/socket.io-parser-2.2.1.tgz"
        },
        "socket.io-client": {
          "version": "1.1.0",
          "from": "socket.io-client@1.1.0",
          "resolved": "https://registry.npmjs.org/socket.io-client/-/socket.io-client-1.1.0.tgz",
          "dependencies": {
            "engine.io-client": {
              "version": "1.4.0",
              "from": "engine.io-client@1.4.0",
              "resolved": "https://registry.npmjs.org/engine.io-client/-/engine.io-client-1.4.0.tgz",
              "dependencies": {
                "has-cors": {
                  "version": "1.0.3",
                  "from": "has-cors@1.0.3",
                  "resolved": "https://registry.npmjs.org/has-cors/-/has-cors-1.0.3.tgz",
                  "dependencies": {
                    "global": {
                      "version": "2.0.1",
                      "from": "https://github.com/component/global/archive/v2.0.1.tar.gz",
                      "resolved": "https://github.com/component/global/archive/v2.0.1.tar.gz"
                    }
                  }
                },
                "xmlhttprequest": {
                  "version": "1.5.0",
                  "from": "https://github.com/LearnBoost/node-XMLHttpRequest/archive/0f36d0b5ebc03d85f860d42a64ae9791e1daa433.tar.gz",
                  "resolved": "https://github.com/LearnBoost/node-XMLHttpRequest/archive/0f36d0b5ebc03d85f860d42a64ae9791e1daa433.tar.gz"
                },
                "parseuri": {
                  "version": "0.0.4",
                  "from": "parseuri@0.0.4",
                  "resolved": "https://registry.npmjs.org/parseuri/-/parseuri-0.0.4.tgz"
                },
                "parsejson": {
                  "version": "0.0.1",
                  "from": "parsejson@0.0.1",
                  "resolved": "https://registry.npmjs.org/parsejson/-/parsejson-0.0.1.tgz"
                },
                "parseqs": {
                  "version": "0.0.2",
                  "from": "parseqs@0.0.2",
                  "resolved": "https://registry.npmjs.org/parseqs/-/parseqs-0.0.2.tgz"
                },
                "component-inherit": {
                  "version": "0.0.3",
                  "from": "component-inherit@0.0.3",
                  "resolved": "https://registry.npmjs.org/component-inherit/-/component-inherit-0.0.3.tgz"
                }
              }
            },
            "component-bind": {
              "version": "1.0.0",
              "from": "component-bind@1.0.0",
              "resolved": "https://registry.npmjs.org/component-bind/-/component-bind-1.0.0.tgz"
            },
            "object-component": {
              "version": "0.0.3",
              "from": "object-component@0.0.3",
              "resolved": "https://registry.npmjs.org/object-component/-/object-component-0.0.3.tgz"
            },
            "socket.io-parser": {
              "version": "2.2.2",
              "from": "socket.io-parser@2.2.2",
              "resolved": "https://registry.npmjs.org/socket.io-parser/-/socket.io-parser-2.2.2.tgz"
            },
            "has-binary": {
              "version": "0.1.5",
              "from": "has-binary@0.1.5",
              "resolved": "https://registry.npmjs.org/has-binary/-/has-binary-0.1.5.tgz"
            },
            "parseuri": {
              "version": "0.0.2",
              "from": "parseuri@0.0.2",
              "resolved": "https://registry.npmjs.org/parseuri/-/parseuri-0.0.2.tgz"
            },
            "to-array": {
              "version": "0.1.3",
              "from": "to-array@0.1.3",
              "resolved": "https://registry.npmjs.org/to-array/-/to-array-0.1.3.tgz"
            },
            "better-assert": {
              "version": "1.0.1",
              "from": "better-assert@1.0.1",
              "resolved": "https://registry.npmjs.org/better-assert/-/better-assert-1.0.1.tgz",
              "dependencies": {
                "callsite": {
                  "version": "1.0.0",
                  "from": "callsite@1.0.0",
                  "resolved": "https://registry.npmjs.org/callsite/-/callsite-1.0.0.tgz"
                }
              }
            }
          }
        },
        "socket.io-adapter": {
          "version": "0.2.0",
          "from": "socket.io-adapter@0.2.0",
          "resolved": "https://registry.npmjs.org/socket.io-adapter/-/socket.io-adapter-0.2.0.tgz",
          "dependencies": {
            "socket.io-parser": {
              "version": "2.1.2",
              "from": "socket.io-parser@2.1.2",
              "resolved": "https://registry.npmjs.org/socket.io-parser/-/socket.io-parser-2.1.2.tgz",
              "dependencies": {
                "emitter": {
                  "version": "1.0.1",
                  "from": "http://github.com/component/emitter/archive/1.0.1.tar.gz",
                  "resolved": "http://github.com/component/emitter/archive/1.0.1.tar.gz"
                }
              }
            }
          }
        },
        "has-binary-data": {
          "version": "0.1.3",
          "from": "has-binary-data@0.1.3",
          "resolved": "https://registry.npmjs.org/has-binary-data/-/has-binary-data-0.1.3.tgz"
        },
        "debug": {
          "version": "0.7.4",
          "from": "debug@0.7.4",
          "resolved": "https://registry.npmjs.org/debug/-/debug-0.7.4.tgz"
        },
        "benchmark": {
          "version": "1.0.0",
          "from": "benchmark@1.0.0",
          "resolved": "https://registry.npmjs.org/benchmark/-/benchmark-1.0.0.tgz"
        },
        "component-emitter": {
          "version": "1.1.2",
          "from": "component-emitter@1.1.2",
          "resolved": "https://registry.npmjs.org/component-emitter/-/component-emitter-1.1.2.tgz"
        },
        "json3": {
          "version": "3.2.6",
          "from": "json3@3.2.6",
          "resolved": "https://registry.npmjs.org/json3/-/json3-3.2.6.tgz"
        },
        "indexof": {
          "version": "0.0.1",
          "from": "indexof@0.0.1",
          "resolved": "https://registry.npmjs.org/indexof/-/indexof-0.0.1.tgz"
        },
        "engine.io-parser": {
          "version": "1.1.0",
          "from": "engine.io-parser@1.1.0",
          "resolved": "https://registry.npmjs.org/engine.io-parser/-/engine.io-parser-1.1.0.tgz",
          "dependencies": {
            "base64-arraybuffer": {
              "version": "0.1.2",
              "from": "base64-arraybuffer@0.1.2",
              "resolved": "https://registry.npmjs.org/base64-arraybuffer/-/base64-arraybuffer-0.1.2.tgz"
            },
            "after": {
              "version": "0.8.1",
              "from": "after@0.8.1",
              "resolved": "https://registry.npmjs.org/after/-/after-0.8.1.tgz"
            },
            "arraybuffer.slice": {
              "version": "0.0.6",
              "from": "arraybuffer.slice@0.0.6",
              "resolved": "https://registry.npmjs.org/arraybuffer.slice/-/arraybuffer.slice-0.0.6.tgz"
            },
            "blob": {
              "version": "0.0.2",
              "from": "blob@0.0.2",
              "resolved": "https://registry.npmjs.org/blob/-/blob-0.0.2.tgz"
            },
            "utf8": {
              "version": "2.0.0",
              "from": "utf8@2.0.0",
              "resolved": "https://registry.npmjs.org/utf8/-/utf8-2.0.0.tgz"
            }
          }
        },
        "ws": {
          "version": "0.4.31",
          "from": "ws@0.4.31",
          "resolved": "https://registry.npmjs.org/ws/-/ws-0.4.31.tgz",
          "dependencies": {
            "commander": {
              "version": "0.6.1",
              "from": "commander@~0.6.1",
              "resolved": "https://registry.npmjs.org/commander/-/commander-0.6.1.tgz"
            },
            "nan": {
              "version": "0.3.2",
              "from": "nan@~0.3.0",
              "resolved": "https://registry.npmjs.org/nan/-/nan-0.3.2.tgz"
            },
            "tinycolor": {
              "version": "0.0.1",
              "from": "tinycolor@0.x",
              "resolved": "https://registry.npmjs.org/tinycolor/-/tinycolor-0.0.1.tgz"
            },
            "options": {
              "version": "0.0.5",
              "from": "options@>=0.0.5",
              "resolved": "https://registry.npmjs.org/options/-/options-0.0.5.tgz"
            }
          }
        }
      }
    },
    "validator": {
      "version": "3.18.1",
      "from": "validator@*",
      "resolved": "https://registry.npmjs.org/validator/-/validator-3.18.1.tgz"
    }
  }
}
